
Microsoft Visual Studio Solution File, Format Version 12.00
# Visual Studio Version 17
VisualStudioVersion = 17.11.35312.102
MinimumVisualStudioVersion = 10.0.40219.1
Project("{FAE04EC0-301F-11D3-BF4B-00C04F79EFBC}") = "WindowsFormsApp1", "WindowsFormsApp1\WindowsFormsApp1.csproj", "{0C35B514-DA26-4372-8419-F043D6DBB960}"
EndProject
Global
	GlobalSection(SolutionConfigurationPlatforms) = preSolution
		Debug|Any CPU = Debug|Any CPU
		Release|Any CPU = Release|Any CPU
	EndGlobalSection
	GlobalSection(ProjectConfigurationPlatforms) = postSolution
		{0C35B514-DA26-4372-8419-F043D6DBB960}.Debug|Any CPU.ActiveCfg = Debug|Any CPU
		{0C35B514-DA26-4372-8419-F043D6DBB960}.Debug|Any CPU.Build.0 = Debug|Any CPU
		{0C35B514-DA26-4372-8419-F043D6DBB960}.Release|Any CPU.ActiveCfg = Release|Any CPU
		{0C35B514-DA26-4372-8419-F043D6DBB960}.Release|Any CPU.Build.0 = Release|Any CPU
	EndGlobalSection
	GlobalSection(SolutionProperties) = preSolution
		HideSolutionNode = FALSE
	EndGlobalSection
	GlobalSection(ExtensibilityGlobals) = postSolution
		SolutionGuid = {6FC6F15E-6D97-46B7-98B7-FA2721E0C469}
	EndGlobalSection
EndGlobal
